
Microsoft Visual Studio Solution File, Format Version 12.00
# Visual Studio Version 16
VisualStudioVersion = 16.0.29306.81
MinimumVisualStudioVersion = 10.0.40219.1
Project("{9A19103F-16F7-4668-BE54-9A1E7A4F7556}") = "SingleLinkedList", "SingleLinkedList\SingleLinkedList.csproj", "{0423E463-85FE-4AA9-B995-7EB4460176D9}"
EndProject
Project("{9A19103F-16F7-4668-BE54-9A1E7A4F7556}") = "DoubleLinkedList", "DoubleLinkedList\DoubleLinkedList.csproj", "{A9E59A8C-2212-4077-B206-19429056894B}"
EndProject
Project("{FAE04EC0-301F-11D3-BF4B-00C04F79EFBC}") = "BinaryTree", "BinaryTree\BinaryTree.csproj", "{3413DF37-68F9-4301-88C7-232948CFCAD0}"
EndProject
Global
	GlobalSection(SolutionConfigurationPlatforms) = preSolution
		Debug|Any CPU = Debug|Any CPU
		Release|Any CPU = Release|Any CPU
	EndGlobalSection
	GlobalSection(ProjectConfigurationPlatforms) = postSolution
		{0423E463-85FE-4AA9-B995-7EB4460176D9}.Debug|Any CPU.ActiveCfg = Debug|Any CPU
		{0423E463-85FE-4AA9-B995-7EB4460176D9}.Debug|Any CPU.Build.0 = Debug|Any CPU
		{0423E463-85FE-4AA9-B995-7EB4460176D9}.Release|Any CPU.ActiveCfg = Release|Any CPU
		{0423E463-85FE-4AA9-B995-7EB4460176D9}.Release|Any CPU.Build.0 = Release|Any CPU
		{A9E59A8C-2212-4077-B206-19429056894B}.Debug|Any CPU.ActiveCfg = Debug|Any CPU
		{A9E59A8C-2212-4077-B206-19429056894B}.Debug|Any CPU.Build.0 = Debug|Any CPU
		{A9E59A8C-2212-4077-B206-19429056894B}.Release|Any CPU.ActiveCfg = Release|Any CPU
		{A9E59A8C-2212-4077-B206-19429056894B}.Release|Any CPU.Build.0 = Release|Any CPU
		{3413DF37-68F9-4301-88C7-232948CFCAD0}.Debug|Any CPU.ActiveCfg = Debug|Any CPU
		{3413DF37-68F9-4301-88C7-232948CFCAD0}.Debug|Any CPU.Build.0 = Debug|Any CPU
		{3413DF37-68F9-4301-88C7-232948CFCAD0}.Release|Any CPU.ActiveCfg = Release|Any CPU
		{3413DF37-68F9-4301-88C7-232948CFCAD0}.Release|Any CPU.Build.0 = Release|Any CPU
	EndGlobalSection
	GlobalSection(SolutionProperties) = preSolution
		HideSolutionNode = FALSE
	EndGlobalSection
	GlobalSection(ExtensibilityGlobals) = postSolution
		SolutionGuid = {188F327A-60F4-423B-94B4-E49A22F53874}
	EndGlobalSection
EndGlobal
